
Microsoft Visual Studio Solution File, Format Version 12.00
# Visual Studio 15
VisualStudioVersion = 15.0.26124.0
MinimumVisualStudioVersion = 15.0.26124.0
Project("{2150E333-8FDC-42A3-9474-1A3956D46DE8}") = "src", "src", "{20938EE7-9CA9-4961-9D4C-E1BBE80F44F8}"
EndProject
Project("{FAE04EC0-301F-11D3-BF4B-00C04F79EFBC}") = "Domain", "src\Domain\Domain.csproj", "{BFC17256-9906-4C51-B33C-5D609B72B179}"
EndProject
Project("{2150E333-8FDC-42A3-9474-1A3956D46DE8}") = "tests", "tests", "{EAEA1F01-BCA7-448B-BC54-9441ADD8DC5F}"
EndProject
Project("{FAE04EC0-301F-11D3-BF4B-00C04F79EFBC}") = "Domain.Tests", "tests\Domain.Tests\Domain.Tests.csproj", "{F3810D4D-8751-49AE-BC59-A56AE1F64815}"
EndProject
Project("{FAE04EC0-301F-11D3-BF4B-00C04F79EFBC}") = "Server", "src\Server\Server.csproj", "{F84B6E74-80BE-45AD-9405-BFCEE95364DA}"
EndProject
Project("{FAE04EC0-301F-11D3-BF4B-00C04F79EFBC}") = "Server.Tests", "tests\Server.Tests\Server.Tests.csproj", "{24312A94-6BAF-4AD8-BA7A-70F29E526991}"
EndProject
Global
	GlobalSection(SolutionConfigurationPlatforms) = preSolution
		Debug|Any CPU = Debug|Any CPU
		Debug|x64 = Debug|x64
		Debug|x86 = Debug|x86
		Release|Any CPU = Release|Any CPU
		Release|x64 = Release|x64
		Release|x86 = Release|x86
	EndGlobalSection
	GlobalSection(SolutionProperties) = preSolution
		HideSolutionNode = FALSE
	EndGlobalSection
	GlobalSection(ProjectConfigurationPlatforms) = postSolution
		{BFC17256-9906-4C51-B33C-5D609B72B179}.Debug|Any CPU.ActiveCfg = Debug|Any CPU
		{BFC17256-9906-4C51-B33C-5D609B72B179}.Debug|Any CPU.Build.0 = Debug|Any CPU
		{BFC17256-9906-4C51-B33C-5D609B72B179}.Debug|x64.ActiveCfg = Debug|Any CPU
		{BFC17256-9906-4C51-B33C-5D609B72B179}.Debug|x64.Build.0 = Debug|Any CPU
		{BFC17256-9906-4C51-B33C-5D609B72B179}.Debug|x86.ActiveCfg = Debug|Any CPU
		{BFC17256-9906-4C51-B33C-5D609B72B179}.Debug|x86.Build.0 = Debug|Any CPU
		{BFC17256-9906-4C51-B33C-5D609B72B179}.Release|Any CPU.ActiveCfg = Release|Any CPU
		{BFC17256-9906-4C51-B33C-5D609B72B179}.Release|Any CPU.Build.0 = Release|Any CPU
		{BFC17256-9906-4C51-B33C-5D609B72B179}.Release|x64.ActiveCfg = Release|Any CPU
		{BFC17256-9906-4C51-B33C-5D609B72B179}.Release|x64.Build.0 = Release|Any CPU
		{BFC17256-9906-4C51-B33C-5D609B72B179}.Release|x86.ActiveCfg = Release|Any CPU
		{BFC17256-9906-4C51-B33C-5D609B72B179}.Release|x86.Build.0 = Release|Any CPU
		{F3810D4D-8751-49AE-BC59-A56AE1F64815}.Debug|Any CPU.ActiveCfg = Debug|Any CPU
		{F3810D4D-8751-49AE-BC59-A56AE1F64815}.Debug|Any CPU.Build.0 = Debug|Any CPU
		{F3810D4D-8751-49AE-BC59-A56AE1F64815}.Debug|x64.ActiveCfg = Debug|Any CPU
		{F3810D4D-8751-49AE-BC59-A56AE1F64815}.Debug|x64.Build.0 = Debug|Any CPU
		{F3810D4D-8751-49AE-BC59-A56AE1F64815}.Debug|x86.ActiveCfg = Debug|Any CPU
		{F3810D4D-8751-49AE-BC59-A56AE1F64815}.Debug|x86.Build.0 = Debug|Any CPU
		{F3810D4D-8751-49AE-BC59-A56AE1F64815}.Release|Any CPU.ActiveCfg = Release|Any CPU
		{F3810D4D-8751-49AE-BC59-A56AE1F64815}.Release|Any CPU.Build.0 = Release|Any CPU
		{F3810D4D-8751-49AE-BC59-A56AE1F64815}.Release|x64.ActiveCfg = Release|Any CPU
		{F3810D4D-8751-49AE-BC59-A56AE1F64815}.Release|x64.Build.0 = Release|Any CPU
		{F3810D4D-8751-49AE-BC59-A56AE1F64815}.Release|x86.ActiveCfg = Release|Any CPU
		{F3810D4D-8751-49AE-BC59-A56AE1F64815}.Release|x86.Build.0 = Release|Any CPU
		{F84B6E74-80BE-45AD-9405-BFCEE95364DA}.Debug|Any CPU.ActiveCfg = Debug|Any CPU
		{F84B6E74-80BE-45AD-9405-BFCEE95364DA}.Debug|Any CPU.Build.0 = Debug|Any CPU
		{F84B6E74-80BE-45AD-9405-BFCEE95364DA}.Debug|x64.ActiveCfg = Debug|Any CPU
		{F84B6E74-80BE-45AD-9405-BFCEE95364DA}.Debug|x64.Build.0 = Debug|Any CPU
		{F84B6E74-80BE-45AD-9405-BFCEE95364DA}.Debug|x86.ActiveCfg = Debug|Any CPU
		{F84B6E74-80BE-45AD-9405-BFCEE95364DA}.Debug|x86.Build.0 = Debug|Any CPU
		{F84B6E74-80BE-45AD-9405-BFCEE95364DA}.Release|Any CPU.ActiveCfg = Release|Any CPU
		{F84B6E74-80BE-45AD-9405-BFCEE95364DA}.Release|Any CPU.Build.0 = Release|Any CPU
		{F84B6E74-80BE-45AD-9405-BFCEE95364DA}.Release|x64.ActiveCfg = Release|Any CPU
		{F84B6E74-80BE-45AD-9405-BFCEE95364DA}.Release|x64.Build.0 = Release|Any CPU
		{F84B6E74-80BE-45AD-9405-BFCEE95364DA}.Release|x86.ActiveCfg = Release|Any CPU
		{F84B6E74-80BE-45AD-9405-BFCEE95364DA}.Release|x86.Build.0 = Release|Any CPU
		{24312A94-6BAF-4AD8-BA7A-70F29E526991}.Debug|Any CPU.ActiveCfg = Debug|Any CPU
		{24312A94-6BAF-4AD8-BA7A-70F29E526991}.Debug|Any CPU.Build.0 = Debug|Any CPU
		{24312A94-6BAF-4AD8-BA7A-70F29E526991}.Debug|x64.ActiveCfg = Debug|Any CPU
		{24312A94-6BAF-4AD8-BA7A-70F29E526991}.Debug|x64.Build.0 = Debug|Any CPU
		{24312A94-6BAF-4AD8-BA7A-70F29E526991}.Debug|x86.ActiveCfg = Debug|Any CPU
		{24312A94-6BAF-4AD8-BA7A-70F29E526991}.Debug|x86.Build.0 = Debug|Any CPU
		{24312A94-6BAF-4AD8-BA7A-70F29E526991}.Release|Any CPU.ActiveCfg = Release|Any CPU
		{24312A94-6BAF-4AD8-BA7A-70F29E526991}.Release|Any CPU.Build.0 = Release|Any CPU
		{24312A94-6BAF-4AD8-BA7A-70F29E526991}.Release|x64.ActiveCfg = Release|Any CPU
		{24312A94-6BAF-4AD8-BA7A-70F29E526991}.Release|x64.Build.0 = Release|Any CPU
		{24312A94-6BAF-4AD8-BA7A-70F29E526991}.Release|x86.ActiveCfg = Release|Any CPU
		{24312A94-6BAF-4AD8-BA7A-70F29E526991}.Release|x86.Build.0 = Release|Any CPU
	EndGlobalSection
	GlobalSection(NestedProjects) = preSolution
		{BFC17256-9906-4C51-B33C-5D609B72B179} = {20938EE7-9CA9-4961-9D4C-E1BBE80F44F8}
		{F3810D4D-8751-49AE-BC59-A56AE1F64815} = {EAEA1F01-BCA7-448B-BC54-9441ADD8DC5F}
		{F84B6E74-80BE-45AD-9405-BFCEE95364DA} = {20938EE7-9CA9-4961-9D4C-E1BBE80F44F8}
		{24312A94-6BAF-4AD8-BA7A-70F29E526991} = {EAEA1F01-BCA7-448B-BC54-9441ADD8DC5F}
	EndGlobalSection
EndGlobal
