
Microsoft Visual Studio Solution File, Format Version 12.00
# Visual Studio 15
VisualStudioVersion = 15.0.26124.0
MinimumVisualStudioVersion = 15.0.26124.0
Project("{2150E333-8FDC-42A3-9474-1A3956D46DE8}") = "src", "src", "{7B848FF8-AD80-4FF8-9DD2-A7E2B97F27C7}"
EndProject
Project("{FAE04EC0-301F-11D3-BF4B-00C04F79EFBC}") = "Domain", "src\Domain\Domain.csproj", "{05A6E8AF-F201-4678-A0C9-D7A7091B45F3}"
EndProject
Project("{2150E333-8FDC-42A3-9474-1A3956D46DE8}") = "tests", "tests", "{EF6630BB-FBC2-4078-89FD-4F689A91460A}"
EndProject
Project("{FAE04EC0-301F-11D3-BF4B-00C04F79EFBC}") = "Domain.Tests", "tests\Domain.Tests\Domain.Tests.csproj", "{559ACF30-E246-4C6C-9A10-D5CA3AB08687}"
EndProject
Project("{FAE04EC0-301F-11D3-BF4B-00C04F79EFBC}") = "Server", "src\Server\Server.csproj", "{1F346C20-F269-4387-BDFE-A5CA5CA8C06B}"
EndProject
Project("{FAE04EC0-301F-11D3-BF4B-00C04F79EFBC}") = "Server.Tests", "tests\Server.Tests\Server.Tests.csproj", "{E1580D6D-3667-4A47-BA82-6292BE6CE544}"
EndProject
Global
	GlobalSection(SolutionConfigurationPlatforms) = preSolution
		Debug|Any CPU = Debug|Any CPU
		Debug|x64 = Debug|x64
		Debug|x86 = Debug|x86
		Release|Any CPU = Release|Any CPU
		Release|x64 = Release|x64
		Release|x86 = Release|x86
	EndGlobalSection
	GlobalSection(SolutionProperties) = preSolution
		HideSolutionNode = FALSE
	EndGlobalSection
	GlobalSection(ProjectConfigurationPlatforms) = postSolution
		{05A6E8AF-F201-4678-A0C9-D7A7091B45F3}.Debug|Any CPU.ActiveCfg = Debug|Any CPU
		{05A6E8AF-F201-4678-A0C9-D7A7091B45F3}.Debug|Any CPU.Build.0 = Debug|Any CPU
		{05A6E8AF-F201-4678-A0C9-D7A7091B45F3}.Debug|x64.ActiveCfg = Debug|Any CPU
		{05A6E8AF-F201-4678-A0C9-D7A7091B45F3}.Debug|x64.Build.0 = Debug|Any CPU
		{05A6E8AF-F201-4678-A0C9-D7A7091B45F3}.Debug|x86.ActiveCfg = Debug|Any CPU
		{05A6E8AF-F201-4678-A0C9-D7A7091B45F3}.Debug|x86.Build.0 = Debug|Any CPU
		{05A6E8AF-F201-4678-A0C9-D7A7091B45F3}.Release|Any CPU.ActiveCfg = Release|Any CPU
		{05A6E8AF-F201-4678-A0C9-D7A7091B45F3}.Release|Any CPU.Build.0 = Release|Any CPU
		{05A6E8AF-F201-4678-A0C9-D7A7091B45F3}.Release|x64.ActiveCfg = Release|Any CPU
		{05A6E8AF-F201-4678-A0C9-D7A7091B45F3}.Release|x64.Build.0 = Release|Any CPU
		{05A6E8AF-F201-4678-A0C9-D7A7091B45F3}.Release|x86.ActiveCfg = Release|Any CPU
		{05A6E8AF-F201-4678-A0C9-D7A7091B45F3}.Release|x86.Build.0 = Release|Any CPU
		{559ACF30-E246-4C6C-9A10-D5CA3AB08687}.Debug|Any CPU.ActiveCfg = Debug|Any CPU
		{559ACF30-E246-4C6C-9A10-D5CA3AB08687}.Debug|Any CPU.Build.0 = Debug|Any CPU
		{559ACF30-E246-4C6C-9A10-D5CA3AB08687}.Debug|x64.ActiveCfg = Debug|Any CPU
		{559ACF30-E246-4C6C-9A10-D5CA3AB08687}.Debug|x64.Build.0 = Debug|Any CPU
		{559ACF30-E246-4C6C-9A10-D5CA3AB08687}.Debug|x86.ActiveCfg = Debug|Any CPU
		{559ACF30-E246-4C6C-9A10-D5CA3AB08687}.Debug|x86.Build.0 = Debug|Any CPU
		{559ACF30-E246-4C6C-9A10-D5CA3AB08687}.Release|Any CPU.ActiveCfg = Release|Any CPU
		{559ACF30-E246-4C6C-9A10-D5CA3AB08687}.Release|Any CPU.Build.0 = Release|Any CPU
		{559ACF30-E246-4C6C-9A10-D5CA3AB08687}.Release|x64.ActiveCfg = Release|Any CPU
		{559ACF30-E246-4C6C-9A10-D5CA3AB08687}.Release|x64.Build.0 = Release|Any CPU
		{559ACF30-E246-4C6C-9A10-D5CA3AB08687}.Release|x86.ActiveCfg = Release|Any CPU
		{559ACF30-E246-4C6C-9A10-D5CA3AB08687}.Release|x86.Build.0 = Release|Any CPU
		{1F346C20-F269-4387-BDFE-A5CA5CA8C06B}.Debug|Any CPU.ActiveCfg = Debug|Any CPU
		{1F346C20-F269-4387-BDFE-A5CA5CA8C06B}.Debug|Any CPU.Build.0 = Debug|Any CPU
		{1F346C20-F269-4387-BDFE-A5CA5CA8C06B}.Debug|x64.ActiveCfg = Debug|Any CPU
		{1F346C20-F269-4387-BDFE-A5CA5CA8C06B}.Debug|x64.Build.0 = Debug|Any CPU
		{1F346C20-F269-4387-BDFE-A5CA5CA8C06B}.Debug|x86.ActiveCfg = Debug|Any CPU
		{1F346C20-F269-4387-BDFE-A5CA5CA8C06B}.Debug|x86.Build.0 = Debug|Any CPU
		{1F346C20-F269-4387-BDFE-A5CA5CA8C06B}.Release|Any CPU.ActiveCfg = Release|Any CPU
		{1F346C20-F269-4387-BDFE-A5CA5CA8C06B}.Release|Any CPU.Build.0 = Release|Any CPU
		{1F346C20-F269-4387-BDFE-A5CA5CA8C06B}.Release|x64.ActiveCfg = Release|Any CPU
		{1F346C20-F269-4387-BDFE-A5CA5CA8C06B}.Release|x64.Build.0 = Release|Any CPU
		{1F346C20-F269-4387-BDFE-A5CA5CA8C06B}.Release|x86.ActiveCfg = Release|Any CPU
		{1F346C20-F269-4387-BDFE-A5CA5CA8C06B}.Release|x86.Build.0 = Release|Any CPU
		{E1580D6D-3667-4A47-BA82-6292BE6CE544}.Debug|Any CPU.ActiveCfg = Debug|Any CPU
		{E1580D6D-3667-4A47-BA82-6292BE6CE544}.Debug|Any CPU.Build.0 = Debug|Any CPU
		{E1580D6D-3667-4A47-BA82-6292BE6CE544}.Debug|x64.ActiveCfg = Debug|Any CPU
		{E1580D6D-3667-4A47-BA82-6292BE6CE544}.Debug|x64.Build.0 = Debug|Any CPU
		{E1580D6D-3667-4A47-BA82-6292BE6CE544}.Debug|x86.ActiveCfg = Debug|Any CPU
		{E1580D6D-3667-4A47-BA82-6292BE6CE544}.Debug|x86.Build.0 = Debug|Any CPU
		{E1580D6D-3667-4A47-BA82-6292BE6CE544}.Release|Any CPU.ActiveCfg = Release|Any CPU
		{E1580D6D-3667-4A47-BA82-6292BE6CE544}.Release|Any CPU.Build.0 = Release|Any CPU
		{E1580D6D-3667-4A47-BA82-6292BE6CE544}.Release|x64.ActiveCfg = Release|Any CPU
		{E1580D6D-3667-4A47-BA82-6292BE6CE544}.Release|x64.Build.0 = Release|Any CPU
		{E1580D6D-3667-4A47-BA82-6292BE6CE544}.Release|x86.ActiveCfg = Release|Any CPU
		{E1580D6D-3667-4A47-BA82-6292BE6CE544}.Release|x86.Build.0 = Release|Any CPU
	EndGlobalSection
	GlobalSection(NestedProjects) = preSolution
		{05A6E8AF-F201-4678-A0C9-D7A7091B45F3} = {7B848FF8-AD80-4FF8-9DD2-A7E2B97F27C7}
		{559ACF30-E246-4C6C-9A10-D5CA3AB08687} = {EF6630BB-FBC2-4078-89FD-4F689A91460A}
		{1F346C20-F269-4387-BDFE-A5CA5CA8C06B} = {7B848FF8-AD80-4FF8-9DD2-A7E2B97F27C7}
		{E1580D6D-3667-4A47-BA82-6292BE6CE544} = {EF6630BB-FBC2-4078-89FD-4F689A91460A}
	EndGlobalSection
EndGlobal
